
Microsoft Visual Studio Solution File, Format Version 12.00
# Visual Studio 14
VisualStudioVersion = 14.0.25420.1
MinimumVisualStudioVersion = 10.0.40219.1
Project("{2150E333-8FDC-42A3-9474-1A3956D46DE8}") = "Engine", "Engine", "{3B7CE0CC-F093-4B66-A999-F515A02E1C3B}"
EndProject
Project("{2150E333-8FDC-42A3-9474-1A3956D46DE8}") = "CSPlayer", "CSPlayer", "{06A53304-0135-413E-922B-50C95F02EB8D}"
EndProject
Project("{FAE04EC0-301F-11D3-BF4B-00C04F79EFBC}") = "CSPlayer", "CSPlayer\CSPlayer.csproj", "{4C1FF9FC-07A0-42D4-A598-A8C477924FF0}"
EndProject
Project("{FAE04EC0-301F-11D3-BF4B-00C04F79EFBC}") = "E3DEngineCS", "E3DEngineCS\E3DEngineCS.csproj", "{87957E43-3672-4570-AA2F-47BC75782FCA}"
EndProject
Project("{FAE04EC0-301F-11D3-BF4B-00C04F79EFBC}") = "GLLibrary", "E3DEngineCS\GLLibrary\GLLibrary.csproj", "{2B6F67E1-43AC-4708-BEBD-193826561FEA}"
EndProject
Global
	GlobalSection(SolutionConfigurationPlatforms) = preSolution
		Debug Multithreaded|Any CPU = Debug Multithreaded|Any CPU
		Debug Multithreaded|ARM = Debug Multithreaded|ARM
		Debug Multithreaded|x64 = Debug Multithreaded|x64
		Debug Multithreaded|x86 = Debug Multithreaded|x86
		Debug Singlethreaded|Any CPU = Debug Singlethreaded|Any CPU
		Debug Singlethreaded|ARM = Debug Singlethreaded|ARM
		Debug Singlethreaded|x64 = Debug Singlethreaded|x64
		Debug Singlethreaded|x86 = Debug Singlethreaded|x86
		Debug_Tests|Any CPU = Debug_Tests|Any CPU
		Debug_Tests|ARM = Debug_Tests|ARM
		Debug_Tests|x64 = Debug_Tests|x64
		Debug_Tests|x86 = Debug_Tests|x86
		Debug|Any CPU = Debug|Any CPU
		Debug|ARM = Debug|ARM
		Debug|x64 = Debug|x64
		Debug|x86 = Debug|x86
		Debug45|Any CPU = Debug45|Any CPU
		Debug45|ARM = Debug45|ARM
		Debug45|x64 = Debug45|x64
		Debug45|x86 = Debug45|x86
		MinSizeRel|Any CPU = MinSizeRel|Any CPU
		MinSizeRel|ARM = MinSizeRel|ARM
		MinSizeRel|x64 = MinSizeRel|x64
		MinSizeRel|x86 = MinSizeRel|x86
		Release Multithreaded|Any CPU = Release Multithreaded|Any CPU
		Release Multithreaded|ARM = Release Multithreaded|ARM
		Release Multithreaded|x64 = Release Multithreaded|x64
		Release Multithreaded|x86 = Release Multithreaded|x86
		Release Singlethreaded|Any CPU = Release Singlethreaded|Any CPU
		Release Singlethreaded|ARM = Release Singlethreaded|ARM
		Release Singlethreaded|x64 = Release Singlethreaded|x64
		Release Singlethreaded|x86 = Release Singlethreaded|x86
		Release|Any CPU = Release|Any CPU
		Release|ARM = Release|ARM
		Release|x64 = Release|x64
		Release|x86 = Release|x86
		Release45|Any CPU = Release45|Any CPU
		Release45|ARM = Release45|ARM
		Release45|x64 = Release45|x64
		Release45|x86 = Release45|x86
		RelWithDebInfo|Any CPU = RelWithDebInfo|Any CPU
		RelWithDebInfo|ARM = RelWithDebInfo|ARM
		RelWithDebInfo|x64 = RelWithDebInfo|x64
		RelWithDebInfo|x86 = RelWithDebInfo|x86
		WinRT-UWP-Debug|Any CPU = WinRT-UWP-Debug|Any CPU
		WinRT-UWP-Debug|ARM = WinRT-UWP-Debug|ARM
		WinRT-UWP-Debug|x64 = WinRT-UWP-Debug|x64
		WinRT-UWP-Debug|x86 = WinRT-UWP-Debug|x86
		WinRT-UWP-Debug45|Any CPU = WinRT-UWP-Debug45|Any CPU
		WinRT-UWP-Debug45|ARM = WinRT-UWP-Debug45|ARM
		WinRT-UWP-Debug45|x64 = WinRT-UWP-Debug45|x64
		WinRT-UWP-Debug45|x86 = WinRT-UWP-Debug45|x86
		WinRT-UWP-Release|Any CPU = WinRT-UWP-Release|Any CPU
		WinRT-UWP-Release|ARM = WinRT-UWP-Release|ARM
		WinRT-UWP-Release|x64 = WinRT-UWP-Release|x64
		WinRT-UWP-Release|x86 = WinRT-UWP-Release|x86
		WinRT-UWP-Release45|Any CPU = WinRT-UWP-Release45|Any CPU
		WinRT-UWP-Release45|ARM = WinRT-UWP-Release45|ARM
		WinRT-UWP-Release45|x64 = WinRT-UWP-Release45|x64
		WinRT-UWP-Release45|x86 = WinRT-UWP-Release45|x86
	EndGlobalSection
	GlobalSection(ProjectConfigurationPlatforms) = postSolution
		{4C1FF9FC-07A0-42D4-A598-A8C477924FF0}.Debug Multithreaded|Any CPU.ActiveCfg = Debug|Any CPU
		{4C1FF9FC-07A0-42D4-A598-A8C477924FF0}.Debug Multithreaded|Any CPU.Build.0 = Debug|Any CPU
		{4C1FF9FC-07A0-42D4-A598-A8C477924FF0}.Debug Multithreaded|ARM.ActiveCfg = Debug|Any CPU
		{4C1FF9FC-07A0-42D4-A598-A8C477924FF0}.Debug Multithreaded|ARM.Build.0 = Debug|Any CPU
		{4C1FF9FC-07A0-42D4-A598-A8C477924FF0}.Debug Multithreaded|x64.ActiveCfg = Debug|Any CPU
		{4C1FF9FC-07A0-42D4-A598-A8C477924FF0}.Debug Multithreaded|x64.Build.0 = Debug|Any CPU
		{4C1FF9FC-07A0-42D4-A598-A8C477924FF0}.Debug Multithreaded|x86.ActiveCfg = Debug|Any CPU
		{4C1FF9FC-07A0-42D4-A598-A8C477924FF0}.Debug Multithreaded|x86.Build.0 = Debug|Any CPU
		{4C1FF9FC-07A0-42D4-A598-A8C477924FF0}.Debug Singlethreaded|Any CPU.ActiveCfg = Debug|Any CPU
		{4C1FF9FC-07A0-42D4-A598-A8C477924FF0}.Debug Singlethreaded|Any CPU.Build.0 = Debug|Any CPU
		{4C1FF9FC-07A0-42D4-A598-A8C477924FF0}.Debug Singlethreaded|ARM.ActiveCfg = Debug|Any CPU
		{4C1FF9FC-07A0-42D4-A598-A8C477924FF0}.Debug Singlethreaded|ARM.Build.0 = Debug|Any CPU
		{4C1FF9FC-07A0-42D4-A598-A8C477924FF0}.Debug Singlethreaded|x64.ActiveCfg = Debug|Any CPU
		{4C1FF9FC-07A0-42D4-A598-A8C477924FF0}.Debug Singlethreaded|x64.Build.0 = Debug|Any CPU
		{4C1FF9FC-07A0-42D4-A598-A8C477924FF0}.Debug Singlethreaded|x86.ActiveCfg = Debug|Any CPU
		{4C1FF9FC-07A0-42D4-A598-A8C477924FF0}.Debug Singlethreaded|x86.Build.0 = Debug|Any CPU
		{4C1FF9FC-07A0-42D4-A598-A8C477924FF0}.Debug_Tests|Any CPU.ActiveCfg = Debug|Any CPU
		{4C1FF9FC-07A0-42D4-A598-A8C477924FF0}.Debug_Tests|Any CPU.Build.0 = Debug|Any CPU
		{4C1FF9FC-07A0-42D4-A598-A8C477924FF0}.Debug_Tests|ARM.ActiveCfg = Debug|Any CPU
		{4C1FF9FC-07A0-42D4-A598-A8C477924FF0}.Debug_Tests|ARM.Build.0 = Debug|Any CPU
		{4C1FF9FC-07A0-42D4-A598-A8C477924FF0}.Debug_Tests|x64.ActiveCfg = Debug|Any CPU
		{4C1FF9FC-07A0-42D4-A598-A8C477924FF0}.Debug_Tests|x64.Build.0 = Debug|Any CPU
		{4C1FF9FC-07A0-42D4-A598-A8C477924FF0}.Debug_Tests|x86.ActiveCfg = Debug|Any CPU
		{4C1FF9FC-07A0-42D4-A598-A8C477924FF0}.Debug_Tests|x86.Build.0 = Debug|Any CPU
		{4C1FF9FC-07A0-42D4-A598-A8C477924FF0}.Debug|Any CPU.ActiveCfg = Debug|Any CPU
		{4C1FF9FC-07A0-42D4-A598-A8C477924FF0}.Debug|Any CPU.Build.0 = Debug|Any CPU
		{4C1FF9FC-07A0-42D4-A598-A8C477924FF0}.Debug|ARM.ActiveCfg = Debug|Any CPU
		{4C1FF9FC-07A0-42D4-A598-A8C477924FF0}.Debug|ARM.Build.0 = Debug|Any CPU
		{4C1FF9FC-07A0-42D4-A598-A8C477924FF0}.Debug|x64.ActiveCfg = Debug|Any CPU
		{4C1FF9FC-07A0-42D4-A598-A8C477924FF0}.Debug|x64.Build.0 = Debug|Any CPU
		{4C1FF9FC-07A0-42D4-A598-A8C477924FF0}.Debug|x86.ActiveCfg = Debug|Any CPU
		{4C1FF9FC-07A0-42D4-A598-A8C477924FF0}.Debug|x86.Build.0 = Debug|Any CPU
		{4C1FF9FC-07A0-42D4-A598-A8C477924FF0}.Debug45|Any CPU.ActiveCfg = Debug|Any CPU
		{4C1FF9FC-07A0-42D4-A598-A8C477924FF0}.Debug45|Any CPU.Build.0 = Debug|Any CPU
		{4C1FF9FC-07A0-42D4-A598-A8C477924FF0}.Debug45|ARM.ActiveCfg = Debug|Any CPU
		{4C1FF9FC-07A0-42D4-A598-A8C477924FF0}.Debug45|ARM.Build.0 = Debug|Any CPU
		{4C1FF9FC-07A0-42D4-A598-A8C477924FF0}.Debug45|x64.ActiveCfg = Debug|Any CPU
		{4C1FF9FC-07A0-42D4-A598-A8C477924FF0}.Debug45|x64.Build.0 = Debug|Any CPU
		{4C1FF9FC-07A0-42D4-A598-A8C477924FF0}.Debug45|x86.ActiveCfg = Debug|Any CPU
		{4C1FF9FC-07A0-42D4-A598-A8C477924FF0}.Debug45|x86.Build.0 = Debug|Any CPU
		{4C1FF9FC-07A0-42D4-A598-A8C477924FF0}.MinSizeRel|Any CPU.ActiveCfg = Release|Any CPU
		{4C1FF9FC-07A0-42D4-A598-A8C477924FF0}.MinSizeRel|Any CPU.Build.0 = Release|Any CPU
		{4C1FF9FC-07A0-42D4-A598-A8C477924FF0}.MinSizeRel|ARM.ActiveCfg = Release|Any CPU
		{4C1FF9FC-07A0-42D4-A598-A8C477924FF0}.MinSizeRel|ARM.Build.0 = Release|Any CPU
		{4C1FF9FC-07A0-42D4-A598-A8C477924FF0}.MinSizeRel|x64.ActiveCfg = Release|Any CPU
		{4C1FF9FC-07A0-42D4-A598-A8C477924FF0}.MinSizeRel|x64.Build.0 = Release|Any CPU
		{4C1FF9FC-07A0-42D4-A598-A8C477924FF0}.MinSizeRel|x86.ActiveCfg = Release|Any CPU
		{4C1FF9FC-07A0-42D4-A598-A8C477924FF0}.MinSizeRel|x86.Build.0 = Release|Any CPU
		{4C1FF9FC-07A0-42D4-A598-A8C477924FF0}.Release Multithreaded|Any CPU.ActiveCfg = Release|Any CPU
		{4C1FF9FC-07A0-42D4-A598-A8C477924FF0}.Release Multithreaded|Any CPU.Build.0 = Release|Any CPU
		{4C1FF9FC-07A0-42D4-A598-A8C477924FF0}.Release Multithreaded|ARM.ActiveCfg = Release|Any CPU
		{4C1FF9FC-07A0-42D4-A598-A8C477924FF0}.Release Multithreaded|ARM.Build.0 = Release|Any CPU
		{4C1FF9FC-07A0-42D4-A598-A8C477924FF0}.Release Multithreaded|x64.ActiveCfg = Release|Any CPU
		{4C1FF9FC-07A0-42D4-A598-A8C477924FF0}.Release Multithreaded|x64.Build.0 = Release|Any CPU
		{4C1FF9FC-07A0-42D4-A598-A8C477924FF0}.Release Multithreaded|x86.ActiveCfg = Release|Any CPU
		{4C1FF9FC-07A0-42D4-A598-A8C477924FF0}.Release Multithreaded|x86.Build.0 = Release|Any CPU
		{4C1FF9FC-07A0-42D4-A598-A8C477924FF0}.Release Singlethreaded|Any CPU.ActiveCfg = Release|Any CPU
		{4C1FF9FC-07A0-42D4-A598-A8C477924FF0}.Release Singlethreaded|Any CPU.Build.0 = Release|Any CPU
		{4C1FF9FC-07A0-42D4-A598-A8C477924FF0}.Release Singlethreaded|ARM.ActiveCfg = Release|Any CPU
		{4C1FF9FC-07A0-42D4-A598-A8C477924FF0}.Release Singlethreaded|ARM.Build.0 = Release|Any CPU
		{4C1FF9FC-07A0-42D4-A598-A8C477924FF0}.Release Singlethreaded|x64.ActiveCfg = Release|Any CPU
		{4C1FF9FC-07A0-42D4-A598-A8C477924FF0}.Release Singlethreaded|x64.Build.0 = Release|Any CPU
		{4C1FF9FC-07A0-42D4-A598-A8C477924FF0}.Release Singlethreaded|x86.ActiveCfg = Release|Any CPU
		{4C1FF9FC-07A0-42D4-A598-A8C477924FF0}.Release Singlethreaded|x86.Build.0 = Release|Any CPU
		{4C1FF9FC-07A0-42D4-A598-A8C477924FF0}.Release|Any CPU.ActiveCfg = Release|Any CPU
		{4C1FF9FC-07A0-42D4-A598-A8C477924FF0}.Release|Any CPU.Build.0 = Release|Any CPU
		{4C1FF9FC-07A0-42D4-A598-A8C477924FF0}.Release|ARM.ActiveCfg = Release|Any CPU
		{4C1FF9FC-07A0-42D4-A598-A8C477924FF0}.Release|ARM.Build.0 = Release|Any CPU
		{4C1FF9FC-07A0-42D4-A598-A8C477924FF0}.Release|x64.ActiveCfg = Release|Any CPU
		{4C1FF9FC-07A0-42D4-A598-A8C477924FF0}.Release|x64.Build.0 = Release|Any CPU
		{4C1FF9FC-07A0-42D4-A598-A8C477924FF0}.Release|x86.ActiveCfg = Release|Any CPU
		{4C1FF9FC-07A0-42D4-A598-A8C477924FF0}.Release|x86.Build.0 = Release|Any CPU
		{4C1FF9FC-07A0-42D4-A598-A8C477924FF0}.Release45|Any CPU.ActiveCfg = Release|Any CPU
		{4C1FF9FC-07A0-42D4-A598-A8C477924FF0}.Release45|Any CPU.Build.0 = Release|Any CPU
		{4C1FF9FC-07A0-42D4-A598-A8C477924FF0}.Release45|ARM.ActiveCfg = Release|Any CPU
		{4C1FF9FC-07A0-42D4-A598-A8C477924FF0}.Release45|ARM.Build.0 = Release|Any CPU
		{4C1FF9FC-07A0-42D4-A598-A8C477924FF0}.Release45|x64.ActiveCfg = Release|Any CPU
		{4C1FF9FC-07A0-42D4-A598-A8C477924FF0}.Release45|x64.Build.0 = Release|Any CPU
		{4C1FF9FC-07A0-42D4-A598-A8C477924FF0}.Release45|x86.ActiveCfg = Release|Any CPU
		{4C1FF9FC-07A0-42D4-A598-A8C477924FF0}.Release45|x86.Build.0 = Release|Any CPU
		{4C1FF9FC-07A0-42D4-A598-A8C477924FF0}.RelWithDebInfo|Any CPU.ActiveCfg = Release|Any CPU
		{4C1FF9FC-07A0-42D4-A598-A8C477924FF0}.RelWithDebInfo|Any CPU.Build.0 = Release|Any CPU
		{4C1FF9FC-07A0-42D4-A598-A8C477924FF0}.RelWithDebInfo|ARM.ActiveCfg = Release|Any CPU
		{4C1FF9FC-07A0-42D4-A598-A8C477924FF0}.RelWithDebInfo|ARM.Build.0 = Release|Any CPU
		{4C1FF9FC-07A0-42D4-A598-A8C477924FF0}.RelWithDebInfo|x64.ActiveCfg = Release|Any CPU
		{4C1FF9FC-07A0-42D4-A598-A8C477924FF0}.RelWithDebInfo|x64.Build.0 = Release|Any CPU
		{4C1FF9FC-07A0-42D4-A598-A8C477924FF0}.RelWithDebInfo|x86.ActiveCfg = Release|Any CPU
		{4C1FF9FC-07A0-42D4-A598-A8C477924FF0}.RelWithDebInfo|x86.Build.0 = Release|Any CPU
		{4C1FF9FC-07A0-42D4-A598-A8C477924FF0}.WinRT-UWP-Debug|Any CPU.ActiveCfg = Debug|Any CPU
		{4C1FF9FC-07A0-42D4-A598-A8C477924FF0}.WinRT-UWP-Debug|Any CPU.Build.0 = Debug|Any CPU
		{4C1FF9FC-07A0-42D4-A598-A8C477924FF0}.WinRT-UWP-Debug|ARM.ActiveCfg = Debug|Any CPU
		{4C1FF9FC-07A0-42D4-A598-A8C477924FF0}.WinRT-UWP-Debug|ARM.Build.0 = Debug|Any CPU
		{4C1FF9FC-07A0-42D4-A598-A8C477924FF0}.WinRT-UWP-Debug|x64.ActiveCfg = Debug|Any CPU
		{4C1FF9FC-07A0-42D4-A598-A8C477924FF0}.WinRT-UWP-Debug|x64.Build.0 = Debug|Any CPU
		{4C1FF9FC-07A0-42D4-A598-A8C477924FF0}.WinRT-UWP-Debug|x86.ActiveCfg = Debug|Any CPU
		{4C1FF9FC-07A0-42D4-A598-A8C477924FF0}.WinRT-UWP-Debug|x86.Build.0 = Debug|Any CPU
		{4C1FF9FC-07A0-42D4-A598-A8C477924FF0}.WinRT-UWP-Debug45|Any CPU.ActiveCfg = Debug|Any CPU
		{4C1FF9FC-07A0-42D4-A598-A8C477924FF0}.WinRT-UWP-Debug45|Any CPU.Build.0 = Debug|Any CPU
		{4C1FF9FC-07A0-42D4-A598-A8C477924FF0}.WinRT-UWP-Debug45|ARM.ActiveCfg = Debug|Any CPU
		{4C1FF9FC-07A0-42D4-A598-A8C477924FF0}.WinRT-UWP-Debug45|ARM.Build.0 = Debug|Any CPU
		{4C1FF9FC-07A0-42D4-A598-A8C477924FF0}.WinRT-UWP-Debug45|x64.ActiveCfg = Debug|Any CPU
		{4C1FF9FC-07A0-42D4-A598-A8C477924FF0}.WinRT-UWP-Debug45|x64.Build.0 = Debug|Any CPU
		{4C1FF9FC-07A0-42D4-A598-A8C477924FF0}.WinRT-UWP-Debug45|x86.ActiveCfg = Debug|Any CPU
		{4C1FF9FC-07A0-42D4-A598-A8C477924FF0}.WinRT-UWP-Debug45|x86.Build.0 = Debug|Any CPU
		{4C1FF9FC-07A0-42D4-A598-A8C477924FF0}.WinRT-UWP-Release|Any CPU.ActiveCfg = Release|Any CPU
		{4C1FF9FC-07A0-42D4-A598-A8C477924FF0}.WinRT-UWP-Release|Any CPU.Build.0 = Release|Any CPU
		{4C1FF9FC-07A0-42D4-A598-A8C477924FF0}.WinRT-UWP-Release|ARM.ActiveCfg = Release|Any CPU
		{4C1FF9FC-07A0-42D4-A598-A8C477924FF0}.WinRT-UWP-Release|ARM.Build.0 = Release|Any CPU
		{4C1FF9FC-07A0-42D4-A598-A8C477924FF0}.WinRT-UWP-Release|x64.ActiveCfg = Release|Any CPU
		{4C1FF9FC-07A0-42D4-A598-A8C477924FF0}.WinRT-UWP-Release|x64.Build.0 = Release|Any CPU
		{4C1FF9FC-07A0-42D4-A598-A8C477924FF0}.WinRT-UWP-Release|x86.ActiveCfg = Release|Any CPU
		{4C1FF9FC-07A0-42D4-A598-A8C477924FF0}.WinRT-UWP-Release|x86.Build.0 = Release|Any CPU
		{4C1FF9FC-07A0-42D4-A598-A8C477924FF0}.WinRT-UWP-Release45|Any CPU.ActiveCfg = Release|Any CPU
		{4C1FF9FC-07A0-42D4-A598-A8C477924FF0}.WinRT-UWP-Release45|Any CPU.Build.0 = Release|Any CPU
		{4C1FF9FC-07A0-42D4-A598-A8C477924FF0}.WinRT-UWP-Release45|ARM.ActiveCfg = Release|Any CPU
		{4C1FF9FC-07A0-42D4-A598-A8C477924FF0}.WinRT-UWP-Release45|ARM.Build.0 = Release|Any CPU
		{4C1FF9FC-07A0-42D4-A598-A8C477924FF0}.WinRT-UWP-Release45|x64.ActiveCfg = Release|Any CPU
		{4C1FF9FC-07A0-42D4-A598-A8C477924FF0}.WinRT-UWP-Release45|x64.Build.0 = Release|Any CPU
		{4C1FF9FC-07A0-42D4-A598-A8C477924FF0}.WinRT-UWP-Release45|x86.ActiveCfg = Release|Any CPU
		{4C1FF9FC-07A0-42D4-A598-A8C477924FF0}.WinRT-UWP-Release45|x86.Build.0 = Release|Any CPU
		{87957E43-3672-4570-AA2F-47BC75782FCA}.Debug Multithreaded|Any CPU.ActiveCfg = Debug|Any CPU
		{87957E43-3672-4570-AA2F-47BC75782FCA}.Debug Multithreaded|Any CPU.Build.0 = Debug|Any CPU
		{87957E43-3672-4570-AA2F-47BC75782FCA}.Debug Multithreaded|ARM.ActiveCfg = Debug|Any CPU
		{87957E43-3672-4570-AA2F-47BC75782FCA}.Debug Multithreaded|ARM.Build.0 = Debug|Any CPU
		{87957E43-3672-4570-AA2F-47BC75782FCA}.Debug Multithreaded|x64.ActiveCfg = Debug|Any CPU
		{87957E43-3672-4570-AA2F-47BC75782FCA}.Debug Multithreaded|x64.Build.0 = Debug|Any CPU
		{87957E43-3672-4570-AA2F-47BC75782FCA}.Debug Multithreaded|x86.ActiveCfg = Debug|Any CPU
		{87957E43-3672-4570-AA2F-47BC75782FCA}.Debug Multithreaded|x86.Build.0 = Debug|Any CPU
		{87957E43-3672-4570-AA2F-47BC75782FCA}.Debug Singlethreaded|Any CPU.ActiveCfg = Debug|Any CPU
		{87957E43-3672-4570-AA2F-47BC75782FCA}.Debug Singlethreaded|Any CPU.Build.0 = Debug|Any CPU
		{87957E43-3672-4570-AA2F-47BC75782FCA}.Debug Singlethreaded|ARM.ActiveCfg = Debug|Any CPU
		{87957E43-3672-4570-AA2F-47BC75782FCA}.Debug Singlethreaded|ARM.Build.0 = Debug|Any CPU
		{87957E43-3672-4570-AA2F-47BC75782FCA}.Debug Singlethreaded|x64.ActiveCfg = Debug|Any CPU
		{87957E43-3672-4570-AA2F-47BC75782FCA}.Debug Singlethreaded|x64.Build.0 = Debug|Any CPU
		{87957E43-3672-4570-AA2F-47BC75782FCA}.Debug Singlethreaded|x86.ActiveCfg = Debug|Any CPU
		{87957E43-3672-4570-AA2F-47BC75782FCA}.Debug Singlethreaded|x86.Build.0 = Debug|Any CPU
		{87957E43-3672-4570-AA2F-47BC75782FCA}.Debug_Tests|Any CPU.ActiveCfg = Debug|Any CPU
		{87957E43-3672-4570-AA2F-47BC75782FCA}.Debug_Tests|Any CPU.Build.0 = Debug|Any CPU
		{87957E43-3672-4570-AA2F-47BC75782FCA}.Debug_Tests|ARM.ActiveCfg = Debug|Any CPU
		{87957E43-3672-4570-AA2F-47BC75782FCA}.Debug_Tests|ARM.Build.0 = Debug|Any CPU
		{87957E43-3672-4570-AA2F-47BC75782FCA}.Debug_Tests|x64.ActiveCfg = Debug|Any CPU
		{87957E43-3672-4570-AA2F-47BC75782FCA}.Debug_Tests|x64.Build.0 = Debug|Any CPU
		{87957E43-3672-4570-AA2F-47BC75782FCA}.Debug_Tests|x86.ActiveCfg = Debug|Any CPU
		{87957E43-3672-4570-AA2F-47BC75782FCA}.Debug_Tests|x86.Build.0 = Debug|Any CPU
		{87957E43-3672-4570-AA2F-47BC75782FCA}.Debug|Any CPU.ActiveCfg = Debug|Any CPU
		{87957E43-3672-4570-AA2F-47BC75782FCA}.Debug|Any CPU.Build.0 = Debug|Any CPU
		{87957E43-3672-4570-AA2F-47BC75782FCA}.Debug|ARM.ActiveCfg = Debug|Any CPU
		{87957E43-3672-4570-AA2F-47BC75782FCA}.Debug|ARM.Build.0 = Debug|Any CPU
		{87957E43-3672-4570-AA2F-47BC75782FCA}.Debug|x64.ActiveCfg = Debug|Any CPU
		{87957E43-3672-4570-AA2F-47BC75782FCA}.Debug|x64.Build.0 = Debug|Any CPU
		{87957E43-3672-4570-AA2F-47BC75782FCA}.Debug|x86.ActiveCfg = Debug|Any CPU
		{87957E43-3672-4570-AA2F-47BC75782FCA}.Debug|x86.Build.0 = Debug|Any CPU
		{87957E43-3672-4570-AA2F-47BC75782FCA}.Debug45|Any CPU.ActiveCfg = Debug|Any CPU
		{87957E43-3672-4570-AA2F-47BC75782FCA}.Debug45|Any CPU.Build.0 = Debug|Any CPU
		{87957E43-3672-4570-AA2F-47BC75782FCA}.Debug45|ARM.ActiveCfg = Debug|Any CPU
		{87957E43-3672-4570-AA2F-47BC75782FCA}.Debug45|ARM.Build.0 = Debug|Any CPU
		{87957E43-3672-4570-AA2F-47BC75782FCA}.Debug45|x64.ActiveCfg = Debug|Any CPU
		{87957E43-3672-4570-AA2F-47BC75782FCA}.Debug45|x64.Build.0 = Debug|Any CPU
		{87957E43-3672-4570-AA2F-47BC75782FCA}.Debug45|x86.ActiveCfg = Debug|Any CPU
		{87957E43-3672-4570-AA2F-47BC75782FCA}.Debug45|x86.Build.0 = Debug|Any CPU
		{87957E43-3672-4570-AA2F-47BC75782FCA}.MinSizeRel|Any CPU.ActiveCfg = Release|Any CPU
		{87957E43-3672-4570-AA2F-47BC75782FCA}.MinSizeRel|Any CPU.Build.0 = Release|Any CPU
		{87957E43-3672-4570-AA2F-47BC75782FCA}.MinSizeRel|ARM.ActiveCfg = Release|Any CPU
		{87957E43-3672-4570-AA2F-47BC75782FCA}.MinSizeRel|ARM.Build.0 = Release|Any CPU
		{87957E43-3672-4570-AA2F-47BC75782FCA}.MinSizeRel|x64.ActiveCfg = Release|Any CPU
		{87957E43-3672-4570-AA2F-47BC75782FCA}.MinSizeRel|x64.Build.0 = Release|Any CPU
		{87957E43-3672-4570-AA2F-47BC75782FCA}.MinSizeRel|x86.ActiveCfg = Release|Any CPU
		{87957E43-3672-4570-AA2F-47BC75782FCA}.MinSizeRel|x86.Build.0 = Release|Any CPU
		{87957E43-3672-4570-AA2F-47BC75782FCA}.Release Multithreaded|Any CPU.ActiveCfg = Release|Any CPU
		{87957E43-3672-4570-AA2F-47BC75782FCA}.Release Multithreaded|Any CPU.Build.0 = Release|Any CPU
		{87957E43-3672-4570-AA2F-47BC75782FCA}.Release Multithreaded|ARM.ActiveCfg = Release|Any CPU
		{87957E43-3672-4570-AA2F-47BC75782FCA}.Release Multithreaded|ARM.Build.0 = Release|Any CPU
		{87957E43-3672-4570-AA2F-47BC75782FCA}.Release Multithreaded|x64.ActiveCfg = Release|Any CPU
		{87957E43-3672-4570-AA2F-47BC75782FCA}.Release Multithreaded|x64.Build.0 = Release|Any CPU
		{87957E43-3672-4570-AA2F-47BC75782FCA}.Release Multithreaded|x86.ActiveCfg = Release|Any CPU
		{87957E43-3672-4570-AA2F-47BC75782FCA}.Release Multithreaded|x86.Build.0 = Release|Any CPU
		{87957E43-3672-4570-AA2F-47BC75782FCA}.Release Singlethreaded|Any CPU.ActiveCfg = Release|Any CPU
		{87957E43-3672-4570-AA2F-47BC75782FCA}.Release Singlethreaded|Any CPU.Build.0 = Release|Any CPU
		{87957E43-3672-4570-AA2F-47BC75782FCA}.Release Singlethreaded|ARM.ActiveCfg = Release|Any CPU
		{87957E43-3672-4570-AA2F-47BC75782FCA}.Release Singlethreaded|ARM.Build.0 = Release|Any CPU
		{87957E43-3672-4570-AA2F-47BC75782FCA}.Release Singlethreaded|x64.ActiveCfg = Release|Any CPU
		{87957E43-3672-4570-AA2F-47BC75782FCA}.Release Singlethreaded|x64.Build.0 = Release|Any CPU
		{87957E43-3672-4570-AA2F-47BC75782FCA}.Release Singlethreaded|x86.ActiveCfg = Release|Any CPU
		{87957E43-3672-4570-AA2F-47BC75782FCA}.Release Singlethreaded|x86.Build.0 = Release|Any CPU
		{87957E43-3672-4570-AA2F-47BC75782FCA}.Release|Any CPU.ActiveCfg = Release|Any CPU
		{87957E43-3672-4570-AA2F-47BC75782FCA}.Release|Any CPU.Build.0 = Release|Any CPU
		{87957E43-3672-4570-AA2F-47BC75782FCA}.Release|ARM.ActiveCfg = Release|Any CPU
		{87957E43-3672-4570-AA2F-47BC75782FCA}.Release|ARM.Build.0 = Release|Any CPU
		{87957E43-3672-4570-AA2F-47BC75782FCA}.Release|x64.ActiveCfg = Release|Any CPU
		{87957E43-3672-4570-AA2F-47BC75782FCA}.Release|x64.Build.0 = Release|Any CPU
		{87957E43-3672-4570-AA2F-47BC75782FCA}.Release|x86.ActiveCfg = Release|Any CPU
		{87957E43-3672-4570-AA2F-47BC75782FCA}.Release|x86.Build.0 = Release|Any CPU
		{87957E43-3672-4570-AA2F-47BC75782FCA}.Release45|Any CPU.ActiveCfg = Release|Any CPU
		{87957E43-3672-4570-AA2F-47BC75782FCA}.Release45|Any CPU.Build.0 = Release|Any CPU
		{87957E43-3672-4570-AA2F-47BC75782FCA}.Release45|ARM.ActiveCfg = Release|Any CPU
		{87957E43-3672-4570-AA2F-47BC75782FCA}.Release45|ARM.Build.0 = Release|Any CPU
		{87957E43-3672-4570-AA2F-47BC75782FCA}.Release45|x64.ActiveCfg = Release|Any CPU
		{87957E43-3672-4570-AA2F-47BC75782FCA}.Release45|x64.Build.0 = Release|Any CPU
		{87957E43-3672-4570-AA2F-47BC75782FCA}.Release45|x86.ActiveCfg = Release|Any CPU
		{87957E43-3672-4570-AA2F-47BC75782FCA}.Release45|x86.Build.0 = Release|Any CPU
		{87957E43-3672-4570-AA2F-47BC75782FCA}.RelWithDebInfo|Any CPU.ActiveCfg = Release|Any CPU
		{87957E43-3672-4570-AA2F-47BC75782FCA}.RelWithDebInfo|Any CPU.Build.0 = Release|Any CPU
		{87957E43-3672-4570-AA2F-47BC75782FCA}.RelWithDebInfo|ARM.ActiveCfg = Release|Any CPU
		{87957E43-3672-4570-AA2F-47BC75782FCA}.RelWithDebInfo|ARM.Build.0 = Release|Any CPU
		{87957E43-3672-4570-AA2F-47BC75782FCA}.RelWithDebInfo|x64.ActiveCfg = Release|Any CPU
		{87957E43-3672-4570-AA2F-47BC75782FCA}.RelWithDebInfo|x64.Build.0 = Release|Any CPU
		{87957E43-3672-4570-AA2F-47BC75782FCA}.RelWithDebInfo|x86.ActiveCfg = Release|Any CPU
		{87957E43-3672-4570-AA2F-47BC75782FCA}.RelWithDebInfo|x86.Build.0 = Release|Any CPU
		{87957E43-3672-4570-AA2F-47BC75782FCA}.WinRT-UWP-Debug|Any CPU.ActiveCfg = Debug|Any CPU
		{87957E43-3672-4570-AA2F-47BC75782FCA}.WinRT-UWP-Debug|Any CPU.Build.0 = Debug|Any CPU
		{87957E43-3672-4570-AA2F-47BC75782FCA}.WinRT-UWP-Debug|ARM.ActiveCfg = Debug|Any CPU
		{87957E43-3672-4570-AA2F-47BC75782FCA}.WinRT-UWP-Debug|ARM.Build.0 = Debug|Any CPU
		{87957E43-3672-4570-AA2F-47BC75782FCA}.WinRT-UWP-Debug|x64.ActiveCfg = Debug|Any CPU
		{87957E43-3672-4570-AA2F-47BC75782FCA}.WinRT-UWP-Debug|x64.Build.0 = Debug|Any CPU
		{87957E43-3672-4570-AA2F-47BC75782FCA}.WinRT-UWP-Debug|x86.ActiveCfg = Debug|Any CPU
		{87957E43-3672-4570-AA2F-47BC75782FCA}.WinRT-UWP-Debug|x86.Build.0 = Debug|Any CPU
		{87957E43-3672-4570-AA2F-47BC75782FCA}.WinRT-UWP-Debug45|Any CPU.ActiveCfg = Debug|Any CPU
		{87957E43-3672-4570-AA2F-47BC75782FCA}.WinRT-UWP-Debug45|Any CPU.Build.0 = Debug|Any CPU
		{87957E43-3672-4570-AA2F-47BC75782FCA}.WinRT-UWP-Debug45|ARM.ActiveCfg = Debug|Any CPU
		{87957E43-3672-4570-AA2F-47BC75782FCA}.WinRT-UWP-Debug45|ARM.Build.0 = Debug|Any CPU
		{87957E43-3672-4570-AA2F-47BC75782FCA}.WinRT-UWP-Debug45|x64.ActiveCfg = Debug|Any CPU
		{87957E43-3672-4570-AA2F-47BC75782FCA}.WinRT-UWP-Debug45|x64.Build.0 = Debug|Any CPU
		{87957E43-3672-4570-AA2F-47BC75782FCA}.WinRT-UWP-Debug45|x86.ActiveCfg = Debug|Any CPU
		{87957E43-3672-4570-AA2F-47BC75782FCA}.WinRT-UWP-Debug45|x86.Build.0 = Debug|Any CPU
		{87957E43-3672-4570-AA2F-47BC75782FCA}.WinRT-UWP-Release|Any CPU.ActiveCfg = Release|Any CPU
		{87957E43-3672-4570-AA2F-47BC75782FCA}.WinRT-UWP-Release|Any CPU.Build.0 = Release|Any CPU
		{87957E43-3672-4570-AA2F-47BC75782FCA}.WinRT-UWP-Release|ARM.ActiveCfg = Release|Any CPU
		{87957E43-3672-4570-AA2F-47BC75782FCA}.WinRT-UWP-Release|ARM.Build.0 = Release|Any CPU
		{87957E43-3672-4570-AA2F-47BC75782FCA}.WinRT-UWP-Release|x64.ActiveCfg = Release|Any CPU
		{87957E43-3672-4570-AA2F-47BC75782FCA}.WinRT-UWP-Release|x64.Build.0 = Release|Any CPU
		{87957E43-3672-4570-AA2F-47BC75782FCA}.WinRT-UWP-Release|x86.ActiveCfg = Release|Any CPU
		{87957E43-3672-4570-AA2F-47BC75782FCA}.WinRT-UWP-Release|x86.Build.0 = Release|Any CPU
		{87957E43-3672-4570-AA2F-47BC75782FCA}.WinRT-UWP-Release45|Any CPU.ActiveCfg = Release|Any CPU
		{87957E43-3672-4570-AA2F-47BC75782FCA}.WinRT-UWP-Release45|Any CPU.Build.0 = Release|Any CPU
		{87957E43-3672-4570-AA2F-47BC75782FCA}.WinRT-UWP-Release45|ARM.ActiveCfg = Release|Any CPU
		{87957E43-3672-4570-AA2F-47BC75782FCA}.WinRT-UWP-Release45|ARM.Build.0 = Release|Any CPU
		{87957E43-3672-4570-AA2F-47BC75782FCA}.WinRT-UWP-Release45|x64.ActiveCfg = Release|Any CPU
		{87957E43-3672-4570-AA2F-47BC75782FCA}.WinRT-UWP-Release45|x64.Build.0 = Release|Any CPU
		{87957E43-3672-4570-AA2F-47BC75782FCA}.WinRT-UWP-Release45|x86.ActiveCfg = Release|Any CPU
		{87957E43-3672-4570-AA2F-47BC75782FCA}.WinRT-UWP-Release45|x86.Build.0 = Release|Any CPU
		{2B6F67E1-43AC-4708-BEBD-193826561FEA}.Debug Multithreaded|Any CPU.ActiveCfg = Debug|Any CPU
		{2B6F67E1-43AC-4708-BEBD-193826561FEA}.Debug Multithreaded|Any CPU.Build.0 = Debug|Any CPU
		{2B6F67E1-43AC-4708-BEBD-193826561FEA}.Debug Multithreaded|ARM.ActiveCfg = Debug|Any CPU
		{2B6F67E1-43AC-4708-BEBD-193826561FEA}.Debug Multithreaded|ARM.Build.0 = Debug|Any CPU
		{2B6F67E1-43AC-4708-BEBD-193826561FEA}.Debug Multithreaded|x64.ActiveCfg = Debug|Any CPU
		{2B6F67E1-43AC-4708-BEBD-193826561FEA}.Debug Multithreaded|x64.Build.0 = Debug|Any CPU
		{2B6F67E1-43AC-4708-BEBD-193826561FEA}.Debug Multithreaded|x86.ActiveCfg = Debug|Any CPU
		{2B6F67E1-43AC-4708-BEBD-193826561FEA}.Debug Multithreaded|x86.Build.0 = Debug|Any CPU
		{2B6F67E1-43AC-4708-BEBD-193826561FEA}.Debug Singlethreaded|Any CPU.ActiveCfg = Debug|Any CPU
		{2B6F67E1-43AC-4708-BEBD-193826561FEA}.Debug Singlethreaded|Any CPU.Build.0 = Debug|Any CPU
		{2B6F67E1-43AC-4708-BEBD-193826561FEA}.Debug Singlethreaded|ARM.ActiveCfg = Debug|Any CPU
		{2B6F67E1-43AC-4708-BEBD-193826561FEA}.Debug Singlethreaded|ARM.Build.0 = Debug|Any CPU
		{2B6F67E1-43AC-4708-BEBD-193826561FEA}.Debug Singlethreaded|x64.ActiveCfg = Debug|Any CPU
		{2B6F67E1-43AC-4708-BEBD-193826561FEA}.Debug Singlethreaded|x64.Build.0 = Debug|Any CPU
		{2B6F67E1-43AC-4708-BEBD-193826561FEA}.Debug Singlethreaded|x86.ActiveCfg = Debug|Any CPU
		{2B6F67E1-43AC-4708-BEBD-193826561FEA}.Debug Singlethreaded|x86.Build.0 = Debug|Any CPU
		{2B6F67E1-43AC-4708-BEBD-193826561FEA}.Debug_Tests|Any CPU.ActiveCfg = Debug|Any CPU
		{2B6F67E1-43AC-4708-BEBD-193826561FEA}.Debug_Tests|Any CPU.Build.0 = Debug|Any CPU
		{2B6F67E1-43AC-4708-BEBD-193826561FEA}.Debug_Tests|ARM.ActiveCfg = Debug|Any CPU
		{2B6F67E1-43AC-4708-BEBD-193826561FEA}.Debug_Tests|ARM.Build.0 = Debug|Any CPU
		{2B6F67E1-43AC-4708-BEBD-193826561FEA}.Debug_Tests|x64.ActiveCfg = Debug|Any CPU
		{2B6F67E1-43AC-4708-BEBD-193826561FEA}.Debug_Tests|x64.Build.0 = Debug|Any CPU
		{2B6F67E1-43AC-4708-BEBD-193826561FEA}.Debug_Tests|x86.ActiveCfg = Debug|Any CPU
		{2B6F67E1-43AC-4708-BEBD-193826561FEA}.Debug_Tests|x86.Build.0 = Debug|Any CPU
		{2B6F67E1-43AC-4708-BEBD-193826561FEA}.Debug|Any CPU.ActiveCfg = Debug|Any CPU
		{2B6F67E1-43AC-4708-BEBD-193826561FEA}.Debug|Any CPU.Build.0 = Debug|Any CPU
		{2B6F67E1-43AC-4708-BEBD-193826561FEA}.Debug|ARM.ActiveCfg = Debug|Any CPU
		{2B6F67E1-43AC-4708-BEBD-193826561FEA}.Debug|ARM.Build.0 = Debug|Any CPU
		{2B6F67E1-43AC-4708-BEBD-193826561FEA}.Debug|x64.ActiveCfg = Debug|Any CPU
		{2B6F67E1-43AC-4708-BEBD-193826561FEA}.Debug|x64.Build.0 = Debug|Any CPU
		{2B6F67E1-43AC-4708-BEBD-193826561FEA}.Debug|x86.ActiveCfg = Debug|Any CPU
		{2B6F67E1-43AC-4708-BEBD-193826561FEA}.Debug|x86.Build.0 = Debug|Any CPU
		{2B6F67E1-43AC-4708-BEBD-193826561FEA}.Debug45|Any CPU.ActiveCfg = Debug|Any CPU
		{2B6F67E1-43AC-4708-BEBD-193826561FEA}.Debug45|Any CPU.Build.0 = Debug|Any CPU
		{2B6F67E1-43AC-4708-BEBD-193826561FEA}.Debug45|ARM.ActiveCfg = Debug|Any CPU
		{2B6F67E1-43AC-4708-BEBD-193826561FEA}.Debug45|ARM.Build.0 = Debug|Any CPU
		{2B6F67E1-43AC-4708-BEBD-193826561FEA}.Debug45|x64.ActiveCfg = Debug|Any CPU
		{2B6F67E1-43AC-4708-BEBD-193826561FEA}.Debug45|x64.Build.0 = Debug|Any CPU
		{2B6F67E1-43AC-4708-BEBD-193826561FEA}.Debug45|x86.ActiveCfg = Debug|Any CPU
		{2B6F67E1-43AC-4708-BEBD-193826561FEA}.Debug45|x86.Build.0 = Debug|Any CPU
		{2B6F67E1-43AC-4708-BEBD-193826561FEA}.MinSizeRel|Any CPU.ActiveCfg = Release|Any CPU
		{2B6F67E1-43AC-4708-BEBD-193826561FEA}.MinSizeRel|Any CPU.Build.0 = Release|Any CPU
		{2B6F67E1-43AC-4708-BEBD-193826561FEA}.MinSizeRel|ARM.ActiveCfg = Release|Any CPU
		{2B6F67E1-43AC-4708-BEBD-193826561FEA}.MinSizeRel|ARM.Build.0 = Release|Any CPU
		{2B6F67E1-43AC-4708-BEBD-193826561FEA}.MinSizeRel|x64.ActiveCfg = Release|Any CPU
		{2B6F67E1-43AC-4708-BEBD-193826561FEA}.MinSizeRel|x64.Build.0 = Release|Any CPU
		{2B6F67E1-43AC-4708-BEBD-193826561FEA}.MinSizeRel|x86.ActiveCfg = Release|Any CPU
		{2B6F67E1-43AC-4708-BEBD-193826561FEA}.MinSizeRel|x86.Build.0 = Release|Any CPU
		{2B6F67E1-43AC-4708-BEBD-193826561FEA}.Release Multithreaded|Any CPU.ActiveCfg = Release|Any CPU
		{2B6F67E1-43AC-4708-BEBD-193826561FEA}.Release Multithreaded|Any CPU.Build.0 = Release|Any CPU
		{2B6F67E1-43AC-4708-BEBD-193826561FEA}.Release Multithreaded|ARM.ActiveCfg = Release|Any CPU
		{2B6F67E1-43AC-4708-BEBD-193826561FEA}.Release Multithreaded|ARM.Build.0 = Release|Any CPU
		{2B6F67E1-43AC-4708-BEBD-193826561FEA}.Release Multithreaded|x64.ActiveCfg = Release|Any CPU
		{2B6F67E1-43AC-4708-BEBD-193826561FEA}.Release Multithreaded|x64.Build.0 = Release|Any CPU
		{2B6F67E1-43AC-4708-BEBD-193826561FEA}.Release Multithreaded|x86.ActiveCfg = Release|Any CPU
		{2B6F67E1-43AC-4708-BEBD-193826561FEA}.Release Multithreaded|x86.Build.0 = Release|Any CPU
		{2B6F67E1-43AC-4708-BEBD-193826561FEA}.Release Singlethreaded|Any CPU.ActiveCfg = Release|Any CPU
		{2B6F67E1-43AC-4708-BEBD-193826561FEA}.Release Singlethreaded|Any CPU.Build.0 = Release|Any CPU
		{2B6F67E1-43AC-4708-BEBD-193826561FEA}.Release Singlethreaded|ARM.ActiveCfg = Release|Any CPU
		{2B6F67E1-43AC-4708-BEBD-193826561FEA}.Release Singlethreaded|ARM.Build.0 = Release|Any CPU
		{2B6F67E1-43AC-4708-BEBD-193826561FEA}.Release Singlethreaded|x64.ActiveCfg = Release|Any CPU
		{2B6F67E1-43AC-4708-BEBD-193826561FEA}.Release Singlethreaded|x64.Build.0 = Release|Any CPU
		{2B6F67E1-43AC-4708-BEBD-193826561FEA}.Release Singlethreaded|x86.ActiveCfg = Release|Any CPU
		{2B6F67E1-43AC-4708-BEBD-193826561FEA}.Release Singlethreaded|x86.Build.0 = Release|Any CPU
		{2B6F67E1-43AC-4708-BEBD-193826561FEA}.Release|Any CPU.ActiveCfg = Release|Any CPU
		{2B6F67E1-43AC-4708-BEBD-193826561FEA}.Release|Any CPU.Build.0 = Release|Any CPU
		{2B6F67E1-43AC-4708-BEBD-193826561FEA}.Release|ARM.ActiveCfg = Release|Any CPU
		{2B6F67E1-43AC-4708-BEBD-193826561FEA}.Release|ARM.Build.0 = Release|Any CPU
		{2B6F67E1-43AC-4708-BEBD-193826561FEA}.Release|x64.ActiveCfg = Release|Any CPU
		{2B6F67E1-43AC-4708-BEBD-193826561FEA}.Release|x64.Build.0 = Release|Any CPU
		{2B6F67E1-43AC-4708-BEBD-193826561FEA}.Release|x86.ActiveCfg = Release|Any CPU
		{2B6F67E1-43AC-4708-BEBD-193826561FEA}.Release|x86.Build.0 = Release|Any CPU
		{2B6F67E1-43AC-4708-BEBD-193826561FEA}.Release45|Any CPU.ActiveCfg = Release|Any CPU
		{2B6F67E1-43AC-4708-BEBD-193826561FEA}.Release45|Any CPU.Build.0 = Release|Any CPU
		{2B6F67E1-43AC-4708-BEBD-193826561FEA}.Release45|ARM.ActiveCfg = Release|Any CPU
		{2B6F67E1-43AC-4708-BEBD-193826561FEA}.Release45|ARM.Build.0 = Release|Any CPU
		{2B6F67E1-43AC-4708-BEBD-193826561FEA}.Release45|x64.ActiveCfg = Release|Any CPU
		{2B6F67E1-43AC-4708-BEBD-193826561FEA}.Release45|x64.Build.0 = Release|Any CPU
		{2B6F67E1-43AC-4708-BEBD-193826561FEA}.Release45|x86.ActiveCfg = Release|Any CPU
		{2B6F67E1-43AC-4708-BEBD-193826561FEA}.Release45|x86.Build.0 = Release|Any CPU
		{2B6F67E1-43AC-4708-BEBD-193826561FEA}.RelWithDebInfo|Any CPU.ActiveCfg = Release|Any CPU
		{2B6F67E1-43AC-4708-BEBD-193826561FEA}.RelWithDebInfo|Any CPU.Build.0 = Release|Any CPU
		{2B6F67E1-43AC-4708-BEBD-193826561FEA}.RelWithDebInfo|ARM.ActiveCfg = Release|Any CPU
		{2B6F67E1-43AC-4708-BEBD-193826561FEA}.RelWithDebInfo|ARM.Build.0 = Release|Any CPU
		{2B6F67E1-43AC-4708-BEBD-193826561FEA}.RelWithDebInfo|x64.ActiveCfg = Release|Any CPU
		{2B6F67E1-43AC-4708-BEBD-193826561FEA}.RelWithDebInfo|x64.Build.0 = Release|Any CPU
		{2B6F67E1-43AC-4708-BEBD-193826561FEA}.RelWithDebInfo|x86.ActiveCfg = Release|Any CPU
		{2B6F67E1-43AC-4708-BEBD-193826561FEA}.RelWithDebInfo|x86.Build.0 = Release|Any CPU
		{2B6F67E1-43AC-4708-BEBD-193826561FEA}.WinRT-UWP-Debug|Any CPU.ActiveCfg = Debug|Any CPU
		{2B6F67E1-43AC-4708-BEBD-193826561FEA}.WinRT-UWP-Debug|Any CPU.Build.0 = Debug|Any CPU
		{2B6F67E1-43AC-4708-BEBD-193826561FEA}.WinRT-UWP-Debug|ARM.ActiveCfg = Debug|Any CPU
		{2B6F67E1-43AC-4708-BEBD-193826561FEA}.WinRT-UWP-Debug|ARM.Build.0 = Debug|Any CPU
		{2B6F67E1-43AC-4708-BEBD-193826561FEA}.WinRT-UWP-Debug|x64.ActiveCfg = Debug|Any CPU
		{2B6F67E1-43AC-4708-BEBD-193826561FEA}.WinRT-UWP-Debug|x64.Build.0 = Debug|Any CPU
		{2B6F67E1-43AC-4708-BEBD-193826561FEA}.WinRT-UWP-Debug|x86.ActiveCfg = Debug|Any CPU
		{2B6F67E1-43AC-4708-BEBD-193826561FEA}.WinRT-UWP-Debug|x86.Build.0 = Debug|Any CPU
		{2B6F67E1-43AC-4708-BEBD-193826561FEA}.WinRT-UWP-Debug45|Any CPU.ActiveCfg = Debug|Any CPU
		{2B6F67E1-43AC-4708-BEBD-193826561FEA}.WinRT-UWP-Debug45|Any CPU.Build.0 = Debug|Any CPU
		{2B6F67E1-43AC-4708-BEBD-193826561FEA}.WinRT-UWP-Debug45|ARM.ActiveCfg = Debug|Any CPU
		{2B6F67E1-43AC-4708-BEBD-193826561FEA}.WinRT-UWP-Debug45|ARM.Build.0 = Debug|Any CPU
		{2B6F67E1-43AC-4708-BEBD-193826561FEA}.WinRT-UWP-Debug45|x64.ActiveCfg = Debug|Any CPU
		{2B6F67E1-43AC-4708-BEBD-193826561FEA}.WinRT-UWP-Debug45|x64.Build.0 = Debug|Any CPU
		{2B6F67E1-43AC-4708-BEBD-193826561FEA}.WinRT-UWP-Debug45|x86.ActiveCfg = Debug|Any CPU
		{2B6F67E1-43AC-4708-BEBD-193826561FEA}.WinRT-UWP-Debug45|x86.Build.0 = Debug|Any CPU
		{2B6F67E1-43AC-4708-BEBD-193826561FEA}.WinRT-UWP-Release|Any CPU.ActiveCfg = Release|Any CPU
		{2B6F67E1-43AC-4708-BEBD-193826561FEA}.WinRT-UWP-Release|Any CPU.Build.0 = Release|Any CPU
		{2B6F67E1-43AC-4708-BEBD-193826561FEA}.WinRT-UWP-Release|ARM.ActiveCfg = Release|Any CPU
		{2B6F67E1-43AC-4708-BEBD-193826561FEA}.WinRT-UWP-Release|ARM.Build.0 = Release|Any CPU
		{2B6F67E1-43AC-4708-BEBD-193826561FEA}.WinRT-UWP-Release|x64.ActiveCfg = Release|Any CPU
		{2B6F67E1-43AC-4708-BEBD-193826561FEA}.WinRT-UWP-Release|x64.Build.0 = Release|Any CPU
		{2B6F67E1-43AC-4708-BEBD-193826561FEA}.WinRT-UWP-Release|x86.ActiveCfg = Release|Any CPU
		{2B6F67E1-43AC-4708-BEBD-193826561FEA}.WinRT-UWP-Release|x86.Build.0 = Release|Any CPU
		{2B6F67E1-43AC-4708-BEBD-193826561FEA}.WinRT-UWP-Release45|Any CPU.ActiveCfg = Release|Any CPU
		{2B6F67E1-43AC-4708-BEBD-193826561FEA}.WinRT-UWP-Release45|Any CPU.Build.0 = Release|Any CPU
		{2B6F67E1-43AC-4708-BEBD-193826561FEA}.WinRT-UWP-Release45|ARM.ActiveCfg = Release|Any CPU
		{2B6F67E1-43AC-4708-BEBD-193826561FEA}.WinRT-UWP-Release45|ARM.Build.0 = Release|Any CPU
		{2B6F67E1-43AC-4708-BEBD-193826561FEA}.WinRT-UWP-Release45|x64.ActiveCfg = Release|Any CPU
		{2B6F67E1-43AC-4708-BEBD-193826561FEA}.WinRT-UWP-Release45|x64.Build.0 = Release|Any CPU
		{2B6F67E1-43AC-4708-BEBD-193826561FEA}.WinRT-UWP-Release45|x86.ActiveCfg = Release|Any CPU
		{2B6F67E1-43AC-4708-BEBD-193826561FEA}.WinRT-UWP-Release45|x86.Build.0 = Release|Any CPU
	EndGlobalSection
	GlobalSection(SolutionProperties) = preSolution
		HideSolutionNode = FALSE
	EndGlobalSection
	GlobalSection(NestedProjects) = preSolution
		{4C1FF9FC-07A0-42D4-A598-A8C477924FF0} = {06A53304-0135-413E-922B-50C95F02EB8D}
		{87957E43-3672-4570-AA2F-47BC75782FCA} = {3B7CE0CC-F093-4B66-A999-F515A02E1C3B}
		{2B6F67E1-43AC-4708-BEBD-193826561FEA} = {3B7CE0CC-F093-4B66-A999-F515A02E1C3B}
	EndGlobalSection
EndGlobal
